
Microsoft Visual Studio Solution File, Format Version 12.00
# Visual Studio Version 17
VisualStudioVersion = 17.10.34928.147
MinimumVisualStudioVersion = 10.0.40219.1
Project("{FAE04EC0-301F-11D3-BF4B-00C04F79EFBC}") = "LiloApp", "LiloApp\LiloApp.csproj", "{F71937F8-9751-44D3-BA1A-4474E68C6596}"
EndProject
Global
	GlobalSection(SolutionConfigurationPlatforms) = preSolution
		Debug|Any CPU = Debug|Any CPU
		Release|Any CPU = Release|Any CPU
	EndGlobalSection
	GlobalSection(ProjectConfigurationPlatforms) = postSolution
		{F71937F8-9751-44D3-BA1A-4474E68C6596}.Debug|Any CPU.ActiveCfg = Debug|Any CPU
		{F71937F8-9751-44D3-BA1A-4474E68C6596}.Debug|Any CPU.Build.0 = Debug|Any CPU
		{F71937F8-9751-44D3-BA1A-4474E68C6596}.Debug|Any CPU.Deploy.0 = Debug|Any CPU
		{F71937F8-9751-44D3-BA1A-4474E68C6596}.Release|Any CPU.ActiveCfg = Release|Any CPU
		{F71937F8-9751-44D3-BA1A-4474E68C6596}.Release|Any CPU.Build.0 = Release|Any CPU
		{F71937F8-9751-44D3-BA1A-4474E68C6596}.Release|Any CPU.Deploy.0 = Release|Any CPU
	EndGlobalSection
	GlobalSection(SolutionProperties) = preSolution
		HideSolutionNode = FALSE
	EndGlobalSection
	GlobalSection(ExtensibilityGlobals) = postSolution
		SolutionGuid = {4E02EFFD-8BFD-49A0-9FD5-34F35C9EE1B0}
	EndGlobalSection
EndGlobal
